
Microsoft Visual Studio Solution File, Format Version 12.00
# Visual Studio Version 17
VisualStudioVersion = 17.11.35222.181
MinimumVisualStudioVersion = 10.0.40219.1
Project("{FAE04EC0-301F-11D3-BF4B-00C04F79EFBC}") = "HtmlCssAspKontrolleri", "HtmlCssAspKontrolleri\HtmlCssAspKontrolleri.csproj", "{29802486-BEB4-4793-84A0-7B466241F08F}"
EndProject
Global
	GlobalSection(SolutionConfigurationPlatforms) = preSolution
		Debug|Any CPU = Debug|Any CPU
		Release|Any CPU = Release|Any CPU
	EndGlobalSection
	GlobalSection(ProjectConfigurationPlatforms) = postSolution
		{29802486-BEB4-4793-84A0-7B466241F08F}.Debug|Any CPU.ActiveCfg = Debug|Any CPU
		{29802486-BEB4-4793-84A0-7B466241F08F}.Debug|Any CPU.Build.0 = Debug|Any CPU
		{29802486-BEB4-4793-84A0-7B466241F08F}.Release|Any CPU.ActiveCfg = Release|Any CPU
		{29802486-BEB4-4793-84A0-7B466241F08F}.Release|Any CPU.Build.0 = Release|Any CPU
	EndGlobalSection
	GlobalSection(SolutionProperties) = preSolution
		HideSolutionNode = FALSE
	EndGlobalSection
	GlobalSection(ExtensibilityGlobals) = postSolution
		SolutionGuid = {F3671434-0E73-4541-8C19-8E69CC69BBB8}
	EndGlobalSection
EndGlobal
